
Microsoft Visual Studio Solution File, Format Version 12.00
# Visual Studio 15
VisualStudioVersion = 15.0.28307.329
MinimumVisualStudioVersion = 10.0.40219.1
Project("{FAE04EC0-301F-11D3-BF4B-00C04F79EFBC}") = "ChannelMixMatcher", "ChannelMixMatcher.csproj", "{97136518-250B-4BF0-B2FF-6962C211A315}"
EndProject
Global
	GlobalSection(SolutionConfigurationPlatforms) = preSolution
		Debug|Any CPU = Debug|Any CPU
		Release|Any CPU = Release|Any CPU
	EndGlobalSection
	GlobalSection(ProjectConfigurationPlatforms) = postSolution
		{97136518-250B-4BF0-B2FF-6962C211A315}.Debug|Any CPU.ActiveCfg = Debug|Any CPU
		{97136518-250B-4BF0-B2FF-6962C211A315}.Debug|Any CPU.Build.0 = Debug|Any CPU
		{97136518-250B-4BF0-B2FF-6962C211A315}.Release|Any CPU.ActiveCfg = Release|Any CPU
		{97136518-250B-4BF0-B2FF-6962C211A315}.Release|Any CPU.Build.0 = Release|Any CPU
	EndGlobalSection
	GlobalSection(SolutionProperties) = preSolution
		HideSolutionNode = FALSE
	EndGlobalSection
	GlobalSection(ExtensibilityGlobals) = postSolution
		SolutionGuid = {27E1DBB2-608A-4EAE-A5B7-47960DBD7537}
	EndGlobalSection
EndGlobal
