
Microsoft Visual Studio Solution File, Format Version 12.00
# Visual Studio Version 16
VisualStudioVersion = 16.0.30804.86
MinimumVisualStudioVersion = 10.0.40219.1
Project("{FAE04EC0-301F-11D3-BF4B-00C04F79EFBC}") = "ColorMatch3D", "ColorMatch3D.csproj", "{97136518-250B-4BF0-B2FF-6962C211A315}"
EndProject
Global
	GlobalSection(SolutionConfigurationPlatforms) = preSolution
		Debug|Any CPU = Debug|Any CPU
		Debug|x64 = Debug|x64
		Release|Any CPU = Release|Any CPU
		Release|x64 = Release|x64
	EndGlobalSection
	GlobalSection(ProjectConfigurationPlatforms) = postSolution
		{97136518-250B-4BF0-B2FF-6962C211A315}.Debug|Any CPU.ActiveCfg = Debug|Any CPU
		{97136518-250B-4BF0-B2FF-6962C211A315}.Debug|Any CPU.Build.0 = Debug|Any CPU
		{97136518-250B-4BF0-B2FF-6962C211A315}.Debug|x64.ActiveCfg = Debug|x64
		{97136518-250B-4BF0-B2FF-6962C211A315}.Debug|x64.Build.0 = Debug|x64
		{97136518-250B-4BF0-B2FF-6962C211A315}.Release|Any CPU.ActiveCfg = Release|Any CPU
		{97136518-250B-4BF0-B2FF-6962C211A315}.Release|Any CPU.Build.0 = Release|Any CPU
		{97136518-250B-4BF0-B2FF-6962C211A315}.Release|x64.ActiveCfg = Release|x64
		{97136518-250B-4BF0-B2FF-6962C211A315}.Release|x64.Build.0 = Release|x64
	EndGlobalSection
	GlobalSection(SolutionProperties) = preSolution
		HideSolutionNode = FALSE
	EndGlobalSection
	GlobalSection(ExtensibilityGlobals) = postSolution
		SolutionGuid = {27E1DBB2-608A-4EAE-A5B7-47960DBD7537}
	EndGlobalSection
EndGlobal
